
Microsoft Visual Studio Solution File, Format Version 12.00
# Visual Studio Version 16
VisualStudioVersion = 16.0.30907.101
MinimumVisualStudioVersion = 10.0.40219.1
Project("{FAE04EC0-301F-11D3-BF4B-00C04F79EFBC}") = "14a", "14a\14a.csproj", "{8BEA1E77-AB48-4406-AAC7-B72E98E329D5}"
EndProject
Global
	GlobalSection(SolutionConfigurationPlatforms) = preSolution
		Debug|Any CPU = Debug|Any CPU
		Release|Any CPU = Release|Any CPU
	EndGlobalSection
	GlobalSection(ProjectConfigurationPlatforms) = postSolution
		{8BEA1E77-AB48-4406-AAC7-B72E98E329D5}.Debug|Any CPU.ActiveCfg = Debug|Any CPU
		{8BEA1E77-AB48-4406-AAC7-B72E98E329D5}.Debug|Any CPU.Build.0 = Debug|Any CPU
		{8BEA1E77-AB48-4406-AAC7-B72E98E329D5}.Release|Any CPU.ActiveCfg = Release|Any CPU
		{8BEA1E77-AB48-4406-AAC7-B72E98E329D5}.Release|Any CPU.Build.0 = Release|Any CPU
	EndGlobalSection
	GlobalSection(SolutionProperties) = preSolution
		HideSolutionNode = FALSE
	EndGlobalSection
	GlobalSection(ExtensibilityGlobals) = postSolution
		SolutionGuid = {6DFFE8B2-F190-4CBF-A428-7A6CFEE4E2B8}
	EndGlobalSection
EndGlobal
